{
  "nodes": {
    "amcli-input": {
      "inputs": {
        "my-nix": "my-nix",
        "nixpkgs": "nixpkgs"
      },
      "locked": {
        "lastModified": 1684258210,
        "narHash": "sha256-45y2b5bofH27zr08IMTO6z9uCWEIvA8X6KxM5Dm/hY8=",
        "owner": "asc-community",
        "repo": "AngouriMathCLI",
        "rev": "616fbc3594b3844dab2c3f68b2c72c79250147d2",
        "type": "github"
      },
      "original": {
        "owner": "asc-community",
        "repo": "AngouriMathCLI",
        "type": "github"
      }
    },
    "flake-parts": {
      "inputs": {
        "nixpkgs-lib": [
          "stablediffusion",
          "nixpkgs"
        ]
      },
      "locked": {
        "lastModified": 1685662779,
        "narHash": "sha256-cKDDciXGpMEjP1n6HlzKinN0H+oLmNpgeCTzYnsA2po=",
        "owner": "hercules-ci",
        "repo": "flake-parts",
        "rev": "71fb97f0d875fd4de4994dfb849f2c75e17eb6c3",
        "type": "github"
      },
      "original": {
        "owner": "hercules-ci",
        "repo": "flake-parts",
        "type": "github"
      }
    },
    "flake-parts_2": {
      "inputs": {
        "nixpkgs-lib": "nixpkgs-lib"
      },
      "locked": {
        "lastModified": 1685662779,
        "narHash": "sha256-cKDDciXGpMEjP1n6HlzKinN0H+oLmNpgeCTzYnsA2po=",
        "owner": "hercules-ci",
        "repo": "flake-parts",
        "rev": "71fb97f0d875fd4de4994dfb849f2c75e17eb6c3",
        "type": "github"
      },
      "original": {
        "id": "flake-parts",
        "type": "indirect"
      }
    },
    "flake-parts_3": {
      "inputs": {
        "nixpkgs-lib": [
          "stablediffusion",
          "hercules-ci-effects",
          "hercules-ci-agent",
          "nixpkgs"
        ]
      },
      "locked": {
        "lastModified": 1685662779,
        "narHash": "sha256-cKDDciXGpMEjP1n6HlzKinN0H+oLmNpgeCTzYnsA2po=",
        "owner": "hercules-ci",
        "repo": "flake-parts",
        "rev": "71fb97f0d875fd4de4994dfb849f2c75e17eb6c3",
        "type": "github"
      },
      "original": {
        "owner": "hercules-ci",
        "repo": "flake-parts",
        "type": "github"
      }
    },
    "flake-utils": {
      "inputs": {
        "systems": "systems"
      },
      "locked": {
        "lastModified": 1681202837,
        "narHash": "sha256-H+Rh19JDwRtpVPAWp64F+rlEtxUWBAQW28eAi3SRSzg=",
        "owner": "numtide",
        "repo": "flake-utils",
        "rev": "cfacdce06f30d2b68473a46042957675eebb3401",
        "type": "github"
      },
      "original": {
        "owner": "numtide",
        "repo": "flake-utils",
        "type": "github"
      }
    },
    "flake-utils_2": {
      "inputs": {
        "systems": "systems_2"
      },
      "locked": {
        "lastModified": 1685518550,
        "narHash": "sha256-o2d0KcvaXzTrPRIo0kOLV0/QXHhDQ5DTi+OxcjO8xqY=",
        "owner": "numtide",
        "repo": "flake-utils",
        "rev": "a1720a10a6cfe8234c0e93907ffe81be440f4cef",
        "type": "github"
      },
      "original": {
        "owner": "numtide",
        "repo": "flake-utils",
        "type": "github"
      }
    },
    "gpt4all": {
      "inputs": {
        "gpt4all": "gpt4all_2",
        "nixpkgs": "nixpkgs_2"
      },
      "locked": {
        "lastModified": 1686518833,
        "narHash": "sha256-tG0ynDobExejmmoHebK9Z3IxMMYlzrPMkb/UyLx6a7o=",
        "owner": "polygon",
        "repo": "gpt4all-nix",
        "rev": "df1c279661f37e8d4293aaa5c7740369a51fac54",
        "type": "github"
      },
      "original": {
        "owner": "polygon",
        "repo": "gpt4all-nix",
        "type": "github"
      }
    },
    "gpt4all_2": {
      "flake": false,
      "locked": {
        "lastModified": 1686406538,
        "narHash": "sha256-KDZyOPgO8/KJnKBKvSfYXo2bwN9QmZ7rNoZJIrUJuk8=",
        "ref": "refs/heads/main",
        "rev": "a9c2f473032fe8a47226581601cb5a6fa3cbfd6f",
        "revCount": 966,
        "submodules": true,
        "type": "git",
        "url": "https://github.com/nomic-ai/gpt4all"
      },
      "original": {
        "submodules": true,
        "type": "git",
        "url": "https://github.com/nomic-ai/gpt4all"
      }
    },
    "haskell-flake": {
      "locked": {
        "lastModified": 1684780604,
        "narHash": "sha256-2uMZsewmRn7rRtAnnQNw1lj0uZBMh4m6Cs/7dV5YF08=",
        "owner": "srid",
        "repo": "haskell-flake",
        "rev": "74210fa80a49f1b6f67223debdbf1494596ff9f2",
        "type": "github"
      },
      "original": {
        "owner": "srid",
        "ref": "0.3.0",
        "repo": "haskell-flake",
        "type": "github"
      }
    },
    "hercules-ci-agent": {
      "inputs": {
        "flake-parts": "flake-parts_3",
        "haskell-flake": "haskell-flake",
        "nixpkgs": "nixpkgs_7"
      },
      "locked": {
        "lastModified": 1686721748,
        "narHash": "sha256-ilD6ANYID+b0/+GTFbuZXfmu92bqVqY5ITKXSxqIp5A=",
        "owner": "hercules-ci",
        "repo": "hercules-ci-agent",
        "rev": "7192b83935ab292a8e894db590dfd44f976e183b",
        "type": "github"
      },
      "original": {
        "id": "hercules-ci-agent",
        "type": "indirect"
      }
    },
    "hercules-ci-effects": {
      "inputs": {
        "flake-parts": "flake-parts_2",
        "hercules-ci-agent": "hercules-ci-agent",
        "nixpkgs": [
          "stablediffusion",
          "nixpkgs"
        ]
      },
      "locked": {
        "lastModified": 1686830987,
        "narHash": "sha256-1XLTM0lFr3NV+0rd55SQW/8oQ3ACnqlYcda3FelIwHU=",
        "owner": "hercules-ci",
        "repo": "hercules-ci-effects",
        "rev": "04e4ab63b9eed2452edee1bb698827e1cb8265c6",
        "type": "github"
      },
      "original": {
        "owner": "hercules-ci",
        "repo": "hercules-ci-effects",
        "type": "github"
      }
    },
    "home-manager": {
      "inputs": {
        "nixpkgs": [
          "nixpkgs"
        ]
      },
      "locked": {
        "lastModified": 1686778999,
        "narHash": "sha256-3qBtOJdznerw33LgwJTSUL6u8/j1Ot83fcc0f6oHKmk=",
        "owner": "nix-community",
        "repo": "home-manager",
        "rev": "e0034971f9def16bbc32124147787bc0f09f0e59",
        "type": "github"
      },
      "original": {
        "owner": "nix-community",
        "repo": "home-manager",
        "type": "github"
      }
    },
    "hyprland-input": {
      "inputs": {
        "hyprland-protocols": "hyprland-protocols",
        "nixpkgs": "nixpkgs_3",
        "wlroots": "wlroots",
        "xdph": "xdph"
      },
      "locked": {
        "lastModified": 1686764691,
        "narHash": "sha256-H4Pd2ny0euUNqYAQEi4ZQhbgUCBXarceOokNnjGcUSE=",
        "owner": "hyprwm",
        "repo": "Hyprland",
        "rev": "c4dec4f79697cb789b585f8e4febf92e929b5291",
        "type": "github"
      },
      "original": {
        "owner": "hyprwm",
        "repo": "Hyprland",
        "type": "github"
      }
    },
    "hyprland-protocols": {
      "inputs": {
        "nixpkgs": [
          "hyprland-input",
          "nixpkgs"
        ]
      },
      "locked": {
        "lastModified": 1684265364,
        "narHash": "sha256-AxNnWbthsuNx73HDQr0eBxrcE3+yfl/WsaXZqUFmkpQ=",
        "owner": "hyprwm",
        "repo": "hyprland-protocols",
        "rev": "8c279b9fb0f2b031427dc5ef4eab53f2ed835530",
        "type": "github"
      },
      "original": {
        "owner": "hyprwm",
        "repo": "hyprland-protocols",
        "type": "github"
      }
    },
    "invokeai-src": {
      "flake": false,
      "locked": {
        "lastModified": 1677475057,
        "narHash": "sha256-REtyVcyRgspn1yYvB4vIHdOrPRZRNSSraepHik9MfgE=",
        "owner": "invoke-ai",
        "repo": "InvokeAI",
        "rev": "650f4bb58ceca458bff1410f35cd6d6caad399c6",
        "type": "github"
      },
      "original": {
        "owner": "invoke-ai",
        "ref": "v2.3.1.post2",
        "repo": "InvokeAI",
        "type": "github"
      }
    },
    "koboldai-src": {
      "flake": false,
      "locked": {
        "lastModified": 1668957963,
        "narHash": "sha256-fKQ/6LiMmrfSWczC5kcf6M9cpuF9dDYl2gJ4+6ZLSdY=",
        "owner": "koboldai",
        "repo": "koboldai-client",
        "rev": "f2077b8e58db6bd47a62bf9ed2649bb0711f9678",
        "type": "github"
      },
      "original": {
        "owner": "koboldai",
        "ref": "1.19.2",
        "repo": "koboldai-client",
        "type": "github"
      }
    },
    "my-nix": {
      "locked": {
        "lastModified": 1683399880,
        "narHash": "sha256-sAFqdYFUETw1NSIXumtPQbhjfzEhaFpOFxIHzQdEQe8=",
        "owner": "WhiteBlackGoose",
        "repo": "my-nix",
        "rev": "97899c686170f360a27920495e42e515a756182c",
        "type": "github"
      },
      "original": {
        "owner": "WhiteBlackGoose",
        "ref": "master",
        "repo": "my-nix",
        "type": "github"
      }
    },
    "my-nix_2": {
      "locked": {
        "lastModified": 1686816917,
        "narHash": "sha256-IoTxMkTn3uU++dtwpIIqpjkj3xQ3CX+54TvNfHuvppg=",
        "owner": "WhiteBlackGoose",
        "repo": "my-nix",
        "rev": "5908be682ac956794986ef3276706248a2340120",
        "type": "github"
      },
      "original": {
        "owner": "WhiteBlackGoose",
        "repo": "my-nix",
        "type": "github"
      }
    },
    "nil-input": {
      "inputs": {
        "flake-utils": "flake-utils",
        "nixpkgs": "nixpkgs_4",
        "rust-overlay": "rust-overlay"
      },
      "locked": {
        "lastModified": 1686813583,
        "narHash": "sha256-eoo5mHzc2gp2ZGueNMs87DUUPaavbYlLZG7Gr2Khsrg=",
        "owner": "oxalica",
        "repo": "nil",
        "rev": "1edf2ad0ae832df55400c04b6c6e26cf066b133a",
        "type": "github"
      },
      "original": {
        "owner": "oxalica",
        "ref": "main",
        "repo": "nil",
        "type": "github"
      }
    },
    "nixpkgs": {
      "locked": {
        "lastModified": 1683408522,
        "narHash": "sha256-9kcPh6Uxo17a3kK3XCHhcWiV1Yu1kYj22RHiymUhMkU=",
        "owner": "NixOS",
        "repo": "nixpkgs",
        "rev": "897876e4c484f1e8f92009fd11b7d988a121a4e7",
        "type": "github"
      },
      "original": {
        "owner": "NixOS",
        "ref": "nixos-unstable",
        "repo": "nixpkgs",
        "type": "github"
      }
    },
    "nixpkgs-lib": {
      "locked": {
        "dir": "lib",
        "lastModified": 1685564631,
        "narHash": "sha256-8ywr3AkblY4++3lIVxmrWZFzac7+f32ZEhH/A8pNscI=",
        "owner": "NixOS",
        "repo": "nixpkgs",
        "rev": "4f53efe34b3a8877ac923b9350c874e3dcd5dc0a",
        "type": "github"
      },
      "original": {
        "dir": "lib",
        "owner": "NixOS",
        "ref": "nixos-unstable",
        "repo": "nixpkgs",
        "type": "github"
      }
    },
    "nixpkgs_2": {
      "locked": {
        "lastModified": 1686412476,
        "narHash": "sha256-inl9SVk6o5h75XKC79qrDCAobTD1Jxh6kVYTZKHzewA=",
        "owner": "NixOS",
        "repo": "nixpkgs",
        "rev": "21951114383770f96ae528d0ae68824557768e81",
        "type": "github"
      },
      "original": {
        "owner": "NixOS",
        "ref": "nixos-unstable",
        "repo": "nixpkgs",
        "type": "github"
      }
    },
    "nixpkgs_3": {
      "locked": {
        "lastModified": 1686501370,
        "narHash": "sha256-G0WuM9fqTPRc2URKP9Lgi5nhZMqsfHGrdEbrLvAPJcg=",
        "owner": "NixOS",
        "repo": "nixpkgs",
        "rev": "75a5ebf473cd60148ba9aec0d219f72e5cf52519",
        "type": "github"
      },
      "original": {
        "owner": "NixOS",
        "ref": "nixos-unstable",
        "repo": "nixpkgs",
        "type": "github"
      }
    },
    "nixpkgs_4": {
      "locked": {
        "lastModified": 1685399834,
        "narHash": "sha256-Lt7//5snriXSdJo5hlVcDkpERL1piiih0UXIz1RUcC4=",
        "owner": "nixos",
        "repo": "nixpkgs",
        "rev": "58c85835512b0db938600b6fe13cc3e3dc4b364e",
        "type": "github"
      },
      "original": {
        "owner": "nixos",
        "ref": "nixpkgs-unstable",
        "repo": "nixpkgs",
        "type": "github"
      }
    },
    "nixpkgs_5": {
      "locked": {
        "lastModified": 1686592866,
        "narHash": "sha256-riGg89eWhXJcPNrQGcSwTEEm7CGxWC06oSX44hajeMw=",
        "owner": "nixos",
        "repo": "nixpkgs",
        "rev": "0eeebd64de89e4163f4d3cf34ffe925a5cf67a05",
        "type": "github"
      },
      "original": {
        "owner": "nixos",
        "ref": "nixos-unstable",
        "repo": "nixpkgs",
        "type": "github"
      }
    },
    "nixpkgs_6": {
      "locked": {
        "lastModified": 1686226982,
        "narHash": "sha256-nLuiPoeiVfqqzeq9rmXxpybh77VS37dsY/k8N2LoxVg=",
        "owner": "nixos",
        "repo": "nixpkgs",
        "rev": "a64b73e07d4aa65cfcbda29ecf78eaf9e72e44bd",
        "type": "github"
      },
      "original": {
        "owner": "nixos",
        "ref": "nixos-unstable",
        "repo": "nixpkgs",
        "type": "github"
      }
    },
    "nixpkgs_7": {
      "locked": {
        "lastModified": 1686501370,
        "narHash": "sha256-G0WuM9fqTPRc2URKP9Lgi5nhZMqsfHGrdEbrLvAPJcg=",
        "owner": "NixOS",
        "repo": "nixpkgs",
        "rev": "75a5ebf473cd60148ba9aec0d219f72e5cf52519",
        "type": "github"
      },
      "original": {
        "owner": "NixOS",
        "ref": "nixos-unstable",
        "repo": "nixpkgs",
        "type": "github"
      }
    },
    "nixpkgs_8": {
      "locked": {
        "lastModified": 1686960236,
        "narHash": "sha256-AYCC9rXNLpUWzD9hm+askOfpliLEC9kwAo7ITJc4HIw=",
        "owner": "NixOS",
        "repo": "nixpkgs",
        "rev": "04af42f3b31dba0ef742d254456dc4c14eedac86",
        "type": "github"
      },
      "original": {
        "owner": "NixOS",
        "ref": "nixos-unstable",
        "repo": "nixpkgs",
        "type": "github"
      }
    },
    "nixpkgs_9": {
      "locked": {
        "lastModified": 1683014792,
        "narHash": "sha256-6Va9iVtmmsw4raBc3QKvQT2KT/NGRWlvUlJj46zN8B8=",
        "owner": "nixos",
        "repo": "nixpkgs",
        "rev": "1a411f23ba299db155a5b45d5e145b85a7aafc42",
        "type": "github"
      },
      "original": {
        "owner": "nixos",
        "ref": "nixos-unstable",
        "repo": "nixpkgs",
        "type": "github"
      }
    },
    "nvim-input": {
      "inputs": {
        "flake-utils": "flake-utils_2",
        "nixpkgs": "nixpkgs_6"
      },
      "locked": {
        "dir": "contrib",
        "lastModified": 1686803781,
        "narHash": "sha256-Wcm4+wVjzyVQbwPGtDXIXF2vrjO1v7Rhhlu896vDvwg=",
        "owner": "neovim",
        "repo": "neovim",
        "rev": "1f8fb7c00048bc217bb9a2bf29c58630d1810d6e",
        "type": "github"
      },
      "original": {
        "dir": "contrib",
        "owner": "neovim",
        "ref": "master",
        "repo": "neovim",
        "type": "github"
      }
    },
    "root": {
      "inputs": {
        "amcli-input": "amcli-input",
        "gpt4all": "gpt4all",
        "home-manager": "home-manager",
        "hyprland-input": "hyprland-input",
        "my-nix": "my-nix_2",
        "nil-input": "nil-input",
        "nixpkgs": "nixpkgs_5",
        "nvim-input": "nvim-input",
        "stablediffusion": "stablediffusion",
        "tri-input": "tri-input"
      }
    },
    "rust-overlay": {
      "inputs": {
        "flake-utils": [
          "nil-input",
          "flake-utils"
        ],
        "nixpkgs": [
          "nil-input",
          "nixpkgs"
        ]
      },
      "locked": {
        "lastModified": 1685413459,
        "narHash": "sha256-+ELexqS2yN0wj1WnmWdF24OfjRBIgTN6Ltcpjvp2dEo=",
        "owner": "oxalica",
        "repo": "rust-overlay",
        "rev": "9b3284e2412f76bd68ff46f8cf1c7af44d7ffac0",
        "type": "github"
      },
      "original": {
        "owner": "oxalica",
        "repo": "rust-overlay",
        "type": "github"
      }
    },
    "stablediffusion": {
      "inputs": {
        "flake-parts": "flake-parts",
        "hercules-ci-effects": "hercules-ci-effects",
        "invokeai-src": "invokeai-src",
        "koboldai-src": "koboldai-src",
        "nixpkgs": "nixpkgs_8"
      },
      "locked": {
        "lastModified": 1685671845,
        "narHash": "sha256-qVA3wIxPb9PIFqa9Wf2a9jRMeMhE4kWw2y3oPSuRHU4=",
        "owner": "nixified-ai",
        "repo": "flake",
        "rev": "0c58f8cba3fb42c54f2a7bf9bd45ee4cbc9f2477",
        "type": "github"
      },
      "original": {
        "owner": "nixified-ai",
        "repo": "flake",
        "type": "github"
      }
    },
    "systems": {
      "locked": {
        "lastModified": 1681028828,
        "narHash": "sha256-Vy1rq5AaRuLzOxct8nz4T6wlgyUR7zLU309k9mBC768=",
        "owner": "nix-systems",
        "repo": "default",
        "rev": "da67096a3b9bf56a91d16901293e51ba5b49a27e",
        "type": "github"
      },
      "original": {
        "owner": "nix-systems",
        "repo": "default",
        "type": "github"
      }
    },
    "systems_2": {
      "locked": {
        "lastModified": 1681028828,
        "narHash": "sha256-Vy1rq5AaRuLzOxct8nz4T6wlgyUR7zLU309k9mBC768=",
        "owner": "nix-systems",
        "repo": "default",
        "rev": "da67096a3b9bf56a91d16901293e51ba5b49a27e",
        "type": "github"
      },
      "original": {
        "owner": "nix-systems",
        "repo": "default",
        "type": "github"
      }
    },
    "tri-input": {
      "inputs": {
        "nixpkgs": "nixpkgs_9"
      },
      "locked": {
        "lastModified": 1685802271,
        "narHash": "sha256-d0gFwYRxZ/T+wrTDKMUCPAJCJGioO4oiA+pc7U2dq3A=",
        "owner": "WhiteBlackGoose",
        "repo": "tri",
        "rev": "f198c0b2de2d9ccca3fdf538d09b418317ff5b31",
        "type": "github"
      },
      "original": {
        "owner": "WhiteBlackGoose",
        "repo": "tri",
        "type": "github"
      }
    },
    "wlroots": {
      "flake": false,
      "locked": {
        "host": "gitlab.freedesktop.org",
        "lastModified": 1686573751,
        "narHash": "sha256-5vnFxEMvn4wzT+XKR5Jo8VSn1hXrdf/mWuTmdHhRFBs=",
        "owner": "wlroots",
        "repo": "wlroots",
        "rev": "6e8fb5509f2c94d09d4efa0f9b1f40b37bf73863",
        "type": "gitlab"
      },
      "original": {
        "host": "gitlab.freedesktop.org",
        "owner": "wlroots",
        "repo": "wlroots",
        "type": "gitlab"
      }
    },
    "xdph": {
      "inputs": {
        "hyprland-protocols": [
          "hyprland-input",
          "hyprland-protocols"
        ],
        "nixpkgs": [
          "hyprland-input",
          "nixpkgs"
        ]
      },
      "locked": {
        "lastModified": 1685385764,
        "narHash": "sha256-r+XMyOoRXq+hlfjayb+fyi9kq2JK48TrwuNIAXqlj7U=",
        "owner": "hyprwm",
        "repo": "xdg-desktop-portal-hyprland",
        "rev": "4d9ff0c17716936e0b5ca577a39e263633901ed1",
        "type": "github"
      },
      "original": {
        "owner": "hyprwm",
        "repo": "xdg-desktop-portal-hyprland",
        "type": "github"
      }
    }
  },
  "root": "root",
  "version": 7
}
