{
  "nodes": {
    "amcli-input": {
      "inputs": {
        "my-nix": "my-nix",
        "nixpkgs": "nixpkgs"
      },
      "locked": {
        "lastModified": 1686873249,
        "narHash": "sha256-zwUMtfXNQXLOCly78RnoHsdNt+yveAU6sjpSYiYnL0Q=",
        "owner": "asc-community",
        "repo": "AngouriMathCLI",
        "rev": "2b7131ed472f417f8a9eded65da2d370d0e22395",
        "type": "github"
      },
      "original": {
        "owner": "asc-community",
        "repo": "AngouriMathCLI",
        "type": "github"
      }
    },
    "ataraxiasjel": {
      "inputs": {
        "nixpkgs": [
          "nixpkgs"
        ]
      },
      "locked": {
        "lastModified": 1703407260,
        "narHash": "sha256-iM5dsHDaHOeGuEiSf5jholtZD5v+G6GBpnAxOUFu6sM=",
        "owner": "AtaraxiaSjel",
        "repo": "nur",
        "rev": "798f8be37a17b1c582a3138b9018dc1797478f54",
        "type": "github"
      },
      "original": {
        "owner": "AtaraxiaSjel",
        "ref": "master",
        "repo": "nur",
        "type": "github"
      }
    },
    "flake-parts": {
      "inputs": {
        "nixpkgs-lib": [
          "stablediffusion",
          "nixpkgs"
        ]
      },
      "locked": {
        "lastModified": 1698882062,
        "narHash": "sha256-HkhafUayIqxXyHH1X8d9RDl1M2CkFgZLjKD3MzabiEo=",
        "owner": "hercules-ci",
        "repo": "flake-parts",
        "rev": "8c9fa2545007b49a5db5f650ae91f227672c3877",
        "type": "github"
      },
      "original": {
        "owner": "hercules-ci",
        "repo": "flake-parts",
        "type": "github"
      }
    },
    "flake-parts_2": {
      "inputs": {
        "nixpkgs-lib": [
          "stablediffusion",
          "hercules-ci-effects",
          "nixpkgs"
        ]
      },
      "locked": {
        "lastModified": 1696343447,
        "narHash": "sha256-B2xAZKLkkeRFG5XcHHSXXcP7To9Xzr59KXeZiRf4vdQ=",
        "owner": "hercules-ci",
        "repo": "flake-parts",
        "rev": "c9afaba3dfa4085dbd2ccb38dfade5141e33d9d4",
        "type": "github"
      },
      "original": {
        "id": "flake-parts",
        "type": "indirect"
      }
    },
    "flake-utils": {
      "inputs": {
        "systems": "systems_3"
      },
      "locked": {
        "lastModified": 1694529238,
        "narHash": "sha256-zsNZZGTGnMOf9YpHKJqMSsa0dXbfmxeoJ7xHlrt+xmY=",
        "owner": "numtide",
        "repo": "flake-utils",
        "rev": "ff7b65b44d01cf9ba6a71320833626af21126384",
        "type": "github"
      },
      "original": {
        "owner": "numtide",
        "repo": "flake-utils",
        "type": "github"
      }
    },
    "flake-utils_2": {
      "inputs": {
        "systems": "systems_4"
      },
      "locked": {
        "lastModified": 1701680307,
        "narHash": "sha256-kAuep2h5ajznlPMD9rnQyffWG8EM/C73lejGofXvdM8=",
        "owner": "numtide",
        "repo": "flake-utils",
        "rev": "4022d587cbbfd70fe950c1e2083a02621806a725",
        "type": "github"
      },
      "original": {
        "owner": "numtide",
        "repo": "flake-utils",
        "type": "github"
      }
    },
    "gpt4all": {
      "inputs": {
        "gpt4all": "gpt4all_2",
        "nixpkgs": "nixpkgs_2"
      },
      "locked": {
        "lastModified": 1699308269,
        "narHash": "sha256-uFHc0GMp+hfPHB/kw46YFDWvpPdGI/c6kFXXGgmif7s=",
        "owner": "polygon",
        "repo": "gpt4all-nix",
        "rev": "6d8d5346895ffde4383c34aa8eb68dc95f05076c",
        "type": "github"
      },
      "original": {
        "owner": "polygon",
        "repo": "gpt4all-nix",
        "type": "github"
      }
    },
    "gpt4all_2": {
      "flake": false,
      "locked": {
        "lastModified": 1699024904,
        "narHash": "sha256-Y1wizN2prgY2zKYLRpIi9wZLH0RdNe4s9lqDpWAXz7Y=",
        "ref": "refs/heads/main",
        "rev": "8fabf0be4a1bc7629762a1456a4adeb6941c71c7",
        "revCount": 1526,
        "submodules": true,
        "type": "git",
        "url": "https://github.com/nomic-ai/gpt4all"
      },
      "original": {
        "submodules": true,
        "type": "git",
        "url": "https://github.com/nomic-ai/gpt4all"
      }
    },
    "hercules-ci-effects": {
      "inputs": {
        "flake-parts": "flake-parts_2",
        "nixpkgs": [
          "stablediffusion",
          "nixpkgs"
        ]
      },
      "locked": {
        "lastModified": 1699381651,
        "narHash": "sha256-mZlQ54xJs3j5+SJrLhzePPMXzS+Czbx7gNyOnOAQrHA=",
        "owner": "hercules-ci",
        "repo": "hercules-ci-effects",
        "rev": "0bd99f5ab7ec7a74c11238bd02bb29e709c14328",
        "type": "github"
      },
      "original": {
        "owner": "hercules-ci",
        "repo": "hercules-ci-effects",
        "type": "github"
      }
    },
    "home-manager": {
      "inputs": {
        "nixpkgs": [
          "nixpkgs"
        ]
      },
      "locked": {
        "lastModified": 1720045378,
        "narHash": "sha256-lmE7B+QXw7lWdBu5GQlUABSpzPk3YBb9VbV+IYK5djk=",
        "owner": "nix-community",
        "repo": "home-manager",
        "rev": "0a30138c694ab3b048ac300794c2eb599dc40266",
        "type": "github"
      },
      "original": {
        "owner": "nix-community",
        "repo": "home-manager",
        "type": "github"
      }
    },
    "hyprcursor": {
      "inputs": {
        "hyprlang": "hyprlang",
        "nixpkgs": [
          "hyprland-input",
          "nixpkgs"
        ],
        "systems": [
          "hyprland-input",
          "systems"
        ]
      },
      "locked": {
        "lastModified": 1711466786,
        "narHash": "sha256-sArxGyUBiCA1in+q6t0QqT+ZJiZ1PyBp7cNPKLmREM0=",
        "owner": "hyprwm",
        "repo": "hyprcursor",
        "rev": "d3876f34779cc03ee51e4aafc0d00a4f187c7544",
        "type": "github"
      },
      "original": {
        "owner": "hyprwm",
        "repo": "hyprcursor",
        "type": "github"
      }
    },
    "hyprland-input": {
      "inputs": {
        "hyprcursor": "hyprcursor",
        "hyprland-protocols": "hyprland-protocols",
        "hyprlang": "hyprlang_2",
        "nixpkgs": "nixpkgs_3",
        "systems": "systems_2",
        "wlroots": "wlroots",
        "xdph": "xdph"
      },
      "locked": {
        "lastModified": 1712253037,
        "narHash": "sha256-9Ej7MCILxOTzXcznI3mt7avKzbv9nKQXru2DLrSlK2E=",
        "owner": "hyprwm",
        "repo": "Hyprland",
        "rev": "0569b9c30099be32f5e0d3b56a050059b9e5a8c1",
        "type": "github"
      },
      "original": {
        "owner": "hyprwm",
        "repo": "Hyprland",
        "type": "github"
      }
    },
    "hyprland-protocols": {
      "inputs": {
        "nixpkgs": [
          "hyprland-input",
          "nixpkgs"
        ],
        "systems": [
          "hyprland-input",
          "systems"
        ]
      },
      "locked": {
        "lastModified": 1691753796,
        "narHash": "sha256-zOEwiWoXk3j3+EoF3ySUJmberFewWlagvewDRuWYAso=",
        "owner": "hyprwm",
        "repo": "hyprland-protocols",
        "rev": "0c2ce70625cb30aef199cb388f99e19a61a6ce03",
        "type": "github"
      },
      "original": {
        "owner": "hyprwm",
        "repo": "hyprland-protocols",
        "type": "github"
      }
    },
    "hyprlang": {
      "inputs": {
        "nixpkgs": [
          "hyprland-input",
          "hyprcursor",
          "nixpkgs"
        ],
        "systems": "systems"
      },
      "locked": {
        "lastModified": 1709914708,
        "narHash": "sha256-bR4o3mynoTa1Wi4ZTjbnsZ6iqVcPGriXp56bZh5UFTk=",
        "owner": "hyprwm",
        "repo": "hyprlang",
        "rev": "a685493fdbeec01ca8ccdf1f3655c044a8ce2fe2",
        "type": "github"
      },
      "original": {
        "owner": "hyprwm",
        "repo": "hyprlang",
        "type": "github"
      }
    },
    "hyprlang_2": {
      "inputs": {
        "nixpkgs": [
          "hyprland-input",
          "nixpkgs"
        ],
        "systems": [
          "hyprland-input",
          "systems"
        ]
      },
      "locked": {
        "lastModified": 1711250455,
        "narHash": "sha256-LSq1ZsTpeD7xsqvlsepDEelWRDtAhqwetp6PusHXJRo=",
        "owner": "hyprwm",
        "repo": "hyprlang",
        "rev": "b3e430f81f3364c5dd1a3cc9995706a4799eb3fa",
        "type": "github"
      },
      "original": {
        "owner": "hyprwm",
        "repo": "hyprlang",
        "type": "github"
      }
    },
    "invokeai-src": {
      "flake": false,
      "locked": {
        "lastModified": 1697424725,
        "narHash": "sha256-y3nxZ4PQ/d2wMX1crpJPDMYXf48YBG0sRIBOTgN6XlI=",
        "owner": "invoke-ai",
        "repo": "InvokeAI",
        "rev": "ad786130ffb11f91cbfcc40846114dd1fdcecdf6",
        "type": "github"
      },
      "original": {
        "owner": "invoke-ai",
        "ref": "v3.3.0post3",
        "repo": "InvokeAI",
        "type": "github"
      }
    },
    "my-nix": {
      "locked": {
        "lastModified": 1683399880,
        "narHash": "sha256-sAFqdYFUETw1NSIXumtPQbhjfzEhaFpOFxIHzQdEQe8=",
        "owner": "WhiteBlackGoose",
        "repo": "my-nix",
        "rev": "97899c686170f360a27920495e42e515a756182c",
        "type": "github"
      },
      "original": {
        "owner": "WhiteBlackGoose",
        "ref": "master",
        "repo": "my-nix",
        "type": "github"
      }
    },
    "my-nix_2": {
      "locked": {
        "lastModified": 1686816917,
        "narHash": "sha256-IoTxMkTn3uU++dtwpIIqpjkj3xQ3CX+54TvNfHuvppg=",
        "owner": "WhiteBlackGoose",
        "repo": "my-nix",
        "rev": "5908be682ac956794986ef3276706248a2340120",
        "type": "github"
      },
      "original": {
        "owner": "WhiteBlackGoose",
        "repo": "my-nix",
        "type": "github"
      }
    },
    "nil-input": {
      "inputs": {
        "flake-utils": "flake-utils",
        "nixpkgs": "nixpkgs_4",
        "rust-overlay": "rust-overlay"
      },
      "locked": {
        "lastModified": 1701225372,
        "narHash": "sha256-QSiFeEmTzAIIiCtUaMesu7wi7bvfHuFzPMQpOKMt4Lo=",
        "owner": "oxalica",
        "repo": "nil",
        "rev": "0031eb4343fd4672742fd6ff839da9b4f5120646",
        "type": "github"
      },
      "original": {
        "owner": "oxalica",
        "ref": "main",
        "repo": "nil",
        "type": "github"
      }
    },
    "nixpkgs": {
      "locked": {
        "lastModified": 1683408522,
        "narHash": "sha256-9kcPh6Uxo17a3kK3XCHhcWiV1Yu1kYj22RHiymUhMkU=",
        "owner": "NixOS",
        "repo": "nixpkgs",
        "rev": "897876e4c484f1e8f92009fd11b7d988a121a4e7",
        "type": "github"
      },
      "original": {
        "owner": "NixOS",
        "ref": "nixos-unstable",
        "repo": "nixpkgs",
        "type": "github"
      }
    },
    "nixpkgs_2": {
      "locked": {
        "lastModified": 1699099776,
        "narHash": "sha256-X09iKJ27mGsGambGfkKzqvw5esP1L/Rf8H3u3fCqIiU=",
        "owner": "NixOS",
        "repo": "nixpkgs",
        "rev": "85f1ba3e51676fa8cc604a3d863d729026a6b8eb",
        "type": "github"
      },
      "original": {
        "owner": "NixOS",
        "ref": "nixos-unstable",
        "repo": "nixpkgs",
        "type": "github"
      }
    },
    "nixpkgs_3": {
      "locked": {
        "lastModified": 1711523803,
        "narHash": "sha256-UKcYiHWHQynzj6CN/vTcix4yd1eCu1uFdsuarupdCQQ=",
        "owner": "NixOS",
        "repo": "nixpkgs",
        "rev": "2726f127c15a4cc9810843b96cad73c7eb39e443",
        "type": "github"
      },
      "original": {
        "owner": "NixOS",
        "ref": "nixos-unstable",
        "repo": "nixpkgs",
        "type": "github"
      }
    },
    "nixpkgs_4": {
      "locked": {
        "lastModified": 1696725822,
        "narHash": "sha256-B7uAOS7TkLlOg1aX01rQlYbydcyB6ZnLJSfaYbKVww8=",
        "owner": "nixos",
        "repo": "nixpkgs",
        "rev": "5aabb5780a11c500981993d49ee93cfa6df9307b",
        "type": "github"
      },
      "original": {
        "owner": "nixos",
        "ref": "nixpkgs-unstable",
        "repo": "nixpkgs",
        "type": "github"
      }
    },
    "nixpkgs_5": {
      "locked": {
        "lastModified": 1719848872,
        "narHash": "sha256-H3+EC5cYuq+gQW8y0lSrrDZfH71LB4DAf+TDFyvwCNA=",
        "owner": "nixos",
        "repo": "nixpkgs",
        "rev": "00d80d13810dbfea8ab4ed1009b09100cca86ba8",
        "type": "github"
      },
      "original": {
        "owner": "nixos",
        "ref": "nixos-unstable",
        "repo": "nixpkgs",
        "type": "github"
      }
    },
    "nixpkgs_6": {
      "locked": {
        "lastModified": 1703013332,
        "narHash": "sha256-+tFNwMvlXLbJZXiMHqYq77z/RfmpfpiI3yjL6o/Zo9M=",
        "owner": "nixos",
        "repo": "nixpkgs",
        "rev": "54aac082a4d9bb5bbc5c4e899603abfb76a3f6d6",
        "type": "github"
      },
      "original": {
        "owner": "nixos",
        "ref": "nixos-unstable",
        "repo": "nixpkgs",
        "type": "github"
      }
    },
    "nixpkgs_7": {
      "locked": {
        "lastModified": 1700204040,
        "narHash": "sha256-xSVcS5HBYnD3LTer7Y2K8ZQCDCXMa3QUD1MzRjHzuhI=",
        "owner": "NixOS",
        "repo": "nixpkgs",
        "rev": "c757e9bd77b16ca2e03c89bf8bc9ecb28e0c06ad",
        "type": "github"
      },
      "original": {
        "owner": "NixOS",
        "ref": "nixos-unstable",
        "repo": "nixpkgs",
        "type": "github"
      }
    },
    "nixpkgs_8": {
      "locked": {
        "lastModified": 1683014792,
        "narHash": "sha256-6Va9iVtmmsw4raBc3QKvQT2KT/NGRWlvUlJj46zN8B8=",
        "owner": "nixos",
        "repo": "nixpkgs",
        "rev": "1a411f23ba299db155a5b45d5e145b85a7aafc42",
        "type": "github"
      },
      "original": {
        "owner": "nixos",
        "ref": "nixos-unstable",
        "repo": "nixpkgs",
        "type": "github"
      }
    },
    "nvim-input": {
      "inputs": {
        "flake-utils": "flake-utils_2",
        "nixpkgs": "nixpkgs_6"
      },
      "locked": {
        "dir": "contrib",
        "lastModified": 1703417819,
        "narHash": "sha256-XMG71ZLrnYsLcDgRw4jVPHOf7gnwRRV1Nb1z6caWEzY=",
        "owner": "neovim",
        "repo": "neovim",
        "rev": "ab2aad509d6e4fc57a6afe056275405ec6451671",
        "type": "github"
      },
      "original": {
        "dir": "contrib",
        "owner": "neovim",
        "ref": "master",
        "repo": "neovim",
        "type": "github"
      }
    },
    "ocr4nix": {
      "locked": {
        "lastModified": 1697632480,
        "narHash": "sha256-QPzvpTRPeiiSGw8rx5Bv4VQMCdL+BYHfPVpgh0RVLqk=",
        "ref": "refs/heads/master",
        "rev": "d99fe4156ce1d6c49cc7583151759eb4144ad9ff",
        "revCount": 3,
        "type": "git",
        "url": "https://codeberg.org/WhiteBlackGoose/ocr4nix"
      },
      "original": {
        "type": "git",
        "url": "https://codeberg.org/WhiteBlackGoose/ocr4nix"
      }
    },
    "root": {
      "inputs": {
        "amcli-input": "amcli-input",
        "ataraxiasjel": "ataraxiasjel",
        "gpt4all": "gpt4all",
        "home-manager": "home-manager",
        "hyprland-input": "hyprland-input",
        "my-nix": "my-nix_2",
        "nil-input": "nil-input",
        "nixpkgs": "nixpkgs_5",
        "nvim-input": "nvim-input",
        "ocr4nix": "ocr4nix",
        "stablediffusion": "stablediffusion",
        "tri-input": "tri-input"
      }
    },
    "rust-overlay": {
      "inputs": {
        "flake-utils": [
          "nil-input",
          "flake-utils"
        ],
        "nixpkgs": [
          "nil-input",
          "nixpkgs"
        ]
      },
      "locked": {
        "lastModified": 1696817516,
        "narHash": "sha256-Xt9OY4Wnk9/vuUfA0OHFtmSlaen5GyiS9msgwOz3okI=",
        "owner": "oxalica",
        "repo": "rust-overlay",
        "rev": "c0df7f2a856b5ff27a3ce314f6d7aacf5fda546f",
        "type": "github"
      },
      "original": {
        "owner": "oxalica",
        "repo": "rust-overlay",
        "type": "github"
      }
    },
    "stablediffusion": {
      "inputs": {
        "flake-parts": "flake-parts",
        "hercules-ci-effects": "hercules-ci-effects",
        "invokeai-src": "invokeai-src",
        "nixpkgs": "nixpkgs_7",
        "textgen-src": "textgen-src"
      },
      "locked": {
        "lastModified": 1701304375,
        "narHash": "sha256-WI/SimUvHPIWFhQTY04+1yCVjZzVjVb28pSE4S2yhFA=",
        "owner": "nixified-ai",
        "repo": "flake",
        "rev": "63339e4c8727578a0fe0f2c63865f60b6e800079",
        "type": "github"
      },
      "original": {
        "owner": "nixified-ai",
        "repo": "flake",
        "type": "github"
      }
    },
    "systems": {
      "locked": {
        "lastModified": 1689347949,
        "narHash": "sha256-12tWmuL2zgBgZkdoB6qXZsgJEH9LR3oUgpaQq2RbI80=",
        "owner": "nix-systems",
        "repo": "default-linux",
        "rev": "31732fcf5e8fea42e59c2488ad31a0e651500f68",
        "type": "github"
      },
      "original": {
        "owner": "nix-systems",
        "repo": "default-linux",
        "type": "github"
      }
    },
    "systems_2": {
      "locked": {
        "lastModified": 1689347949,
        "narHash": "sha256-12tWmuL2zgBgZkdoB6qXZsgJEH9LR3oUgpaQq2RbI80=",
        "owner": "nix-systems",
        "repo": "default-linux",
        "rev": "31732fcf5e8fea42e59c2488ad31a0e651500f68",
        "type": "github"
      },
      "original": {
        "owner": "nix-systems",
        "repo": "default-linux",
        "type": "github"
      }
    },
    "systems_3": {
      "locked": {
        "lastModified": 1681028828,
        "narHash": "sha256-Vy1rq5AaRuLzOxct8nz4T6wlgyUR7zLU309k9mBC768=",
        "owner": "nix-systems",
        "repo": "default",
        "rev": "da67096a3b9bf56a91d16901293e51ba5b49a27e",
        "type": "github"
      },
      "original": {
        "owner": "nix-systems",
        "repo": "default",
        "type": "github"
      }
    },
    "systems_4": {
      "locked": {
        "lastModified": 1681028828,
        "narHash": "sha256-Vy1rq5AaRuLzOxct8nz4T6wlgyUR7zLU309k9mBC768=",
        "owner": "nix-systems",
        "repo": "default",
        "rev": "da67096a3b9bf56a91d16901293e51ba5b49a27e",
        "type": "github"
      },
      "original": {
        "owner": "nix-systems",
        "repo": "default",
        "type": "github"
      }
    },
    "textgen-src": {
      "flake": false,
      "locked": {
        "lastModified": 1696789008,
        "narHash": "sha256-+V8XOVnEyImj+a8uCkZXEHXW8bTIBRlnfMcQfcZNgqg=",
        "owner": "oobabooga",
        "repo": "text-generation-webui",
        "rev": "2e471071af48e19867cfa522d2def44c24785c50",
        "type": "github"
      },
      "original": {
        "owner": "oobabooga",
        "ref": "v1.7",
        "repo": "text-generation-webui",
        "type": "github"
      }
    },
    "tri-input": {
      "inputs": {
        "nixpkgs": "nixpkgs_8"
      },
      "locked": {
        "lastModified": 1688642427,
        "narHash": "sha256-Y1l01e44QdK6ZvtV60hAQ04cTNIph3thj+HS4IUTq7Q=",
        "owner": "WhiteBlackGoose",
        "repo": "tri",
        "rev": "d5a5e08d3bac4491740df9ebca571ad3a4a97070",
        "type": "github"
      },
      "original": {
        "owner": "WhiteBlackGoose",
        "repo": "tri",
        "type": "github"
      }
    },
    "wlroots": {
      "flake": false,
      "locked": {
        "host": "gitlab.freedesktop.org",
        "lastModified": 1709983277,
        "narHash": "sha256-wXWIJLd4F2JZeMaihWVDW/yYXCLEC8OpeNJZg9a9ly8=",
        "owner": "wlroots",
        "repo": "wlroots",
        "rev": "50eae512d9cecbf0b3b1898bb1f0b40fa05fe19b",
        "type": "gitlab"
      },
      "original": {
        "host": "gitlab.freedesktop.org",
        "owner": "wlroots",
        "repo": "wlroots",
        "rev": "50eae512d9cecbf0b3b1898bb1f0b40fa05fe19b",
        "type": "gitlab"
      }
    },
    "xdph": {
      "inputs": {
        "hyprland-protocols": [
          "hyprland-input",
          "hyprland-protocols"
        ],
        "hyprlang": [
          "hyprland-input",
          "hyprlang"
        ],
        "nixpkgs": [
          "hyprland-input",
          "nixpkgs"
        ],
        "systems": [
          "hyprland-input",
          "systems"
        ]
      },
      "locked": {
        "lastModified": 1709299639,
        "narHash": "sha256-jYqJM5khksLIbqSxCLUUcqEgI+O2LdlSlcMEBs39CAU=",
        "owner": "hyprwm",
        "repo": "xdg-desktop-portal-hyprland",
        "rev": "2d2fb547178ec025da643db57d40a971507b82fe",
        "type": "github"
      },
      "original": {
        "owner": "hyprwm",
        "repo": "xdg-desktop-portal-hyprland",
        "type": "github"
      }
    }
  },
  "root": "root",
  "version": 7
}
